
Microsoft Visual Studio Solution File, Format Version 12.00
# Visual Studio Version 17
VisualStudioVersion = 17.6.33801.468
MinimumVisualStudioVersion = 10.0.40219.1
Project("{FAE04EC0-301F-11D3-BF4B-00C04F79EFBC}") = "Indicator", "Indicator.csproj", "{30D72A22-47B6-4232-AFAD-295AD13FA21B}"
EndProject
Global
	GlobalSection(SolutionConfigurationPlatforms) = preSolution
		Debug|Any CPU = Debug|Any CPU
		Release|Any CPU = Release|Any CPU
	EndGlobalSection
	GlobalSection(ProjectConfigurationPlatforms) = postSolution
		{30D72A22-47B6-4232-AFAD-295AD13FA21B}.Debug|Any CPU.ActiveCfg = Debug|Any CPU
		{30D72A22-47B6-4232-AFAD-295AD13FA21B}.Debug|Any CPU.Build.0 = Debug|Any CPU
		{30D72A22-47B6-4232-AFAD-295AD13FA21B}.Release|Any CPU.ActiveCfg = Release|Any CPU
		{30D72A22-47B6-4232-AFAD-295AD13FA21B}.Release|Any CPU.Build.0 = Release|Any CPU
	EndGlobalSection
	GlobalSection(SolutionProperties) = preSolution
		HideSolutionNode = FALSE
	EndGlobalSection
	GlobalSection(ExtensibilityGlobals) = postSolution
		SolutionGuid = {765445A0-01E7-4B30-8F42-956D0287C253}
	EndGlobalSection
EndGlobal
